
Microsoft Visual Studio Solution File, Format Version 12.00
# Visual Studio Version 17
VisualStudioVersion = 17.3.32929.385
MinimumVisualStudioVersion = 10.0.40219.1
Project("{9A19103F-16F7-4668-BE54-9A1E7A4F7556}") = "PRFT.Challenge.Api", "PRFT.Challenge\PRFT.Challenge.Api.csproj", "{A47CD539-1FDE-4985-B41F-315E0AF4CAF7}"
EndProject
Project("{9A19103F-16F7-4668-BE54-9A1E7A4F7556}") = "PRFT.Challenge.Contracts", "PRFT.Challenge.Contracts\PRFT.Challenge.Contracts.csproj", "{A01FC431-C7ED-4B5B-A657-8EFBB57B8048}"
EndProject
Project("{9A19103F-16F7-4668-BE54-9A1E7A4F7556}") = "PRFT.Challenge.Infrastructure", "PRFT.Challenge.Infrastructure\PRFT.Challenge.Infrastructure.csproj", "{802FE662-220A-4D9D-9E71-79159A5B067E}"
EndProject
Project("{9A19103F-16F7-4668-BE54-9A1E7A4F7556}") = "PRFT.Challenge.Application", "PRFT.Challenge.Application\PRFT.Challenge.Application.csproj", "{252366DB-1594-45A0-914B-8A11AEF77746}"
EndProject
Project("{9A19103F-16F7-4668-BE54-9A1E7A4F7556}") = "PRFT.Challenge.Domain", "PRFT.Challenge.Domain\PRFT.Challenge.Domain.csproj", "{3B575932-179A-4E96-805E-541FCD2A5AFF}"
EndProject
Global
	GlobalSection(SolutionConfigurationPlatforms) = preSolution
		Debug|Any CPU = Debug|Any CPU
		Release|Any CPU = Release|Any CPU
	EndGlobalSection
	GlobalSection(ProjectConfigurationPlatforms) = postSolution
		{A47CD539-1FDE-4985-B41F-315E0AF4CAF7}.Debug|Any CPU.ActiveCfg = Debug|Any CPU
		{A47CD539-1FDE-4985-B41F-315E0AF4CAF7}.Debug|Any CPU.Build.0 = Debug|Any CPU
		{A47CD539-1FDE-4985-B41F-315E0AF4CAF7}.Release|Any CPU.ActiveCfg = Release|Any CPU
		{A47CD539-1FDE-4985-B41F-315E0AF4CAF7}.Release|Any CPU.Build.0 = Release|Any CPU
		{A01FC431-C7ED-4B5B-A657-8EFBB57B8048}.Debug|Any CPU.ActiveCfg = Debug|Any CPU
		{A01FC431-C7ED-4B5B-A657-8EFBB57B8048}.Debug|Any CPU.Build.0 = Debug|Any CPU
		{A01FC431-C7ED-4B5B-A657-8EFBB57B8048}.Release|Any CPU.ActiveCfg = Release|Any CPU
		{A01FC431-C7ED-4B5B-A657-8EFBB57B8048}.Release|Any CPU.Build.0 = Release|Any CPU
		{802FE662-220A-4D9D-9E71-79159A5B067E}.Debug|Any CPU.ActiveCfg = Debug|Any CPU
		{802FE662-220A-4D9D-9E71-79159A5B067E}.Debug|Any CPU.Build.0 = Debug|Any CPU
		{802FE662-220A-4D9D-9E71-79159A5B067E}.Release|Any CPU.ActiveCfg = Release|Any CPU
		{802FE662-220A-4D9D-9E71-79159A5B067E}.Release|Any CPU.Build.0 = Release|Any CPU
		{252366DB-1594-45A0-914B-8A11AEF77746}.Debug|Any CPU.ActiveCfg = Debug|Any CPU
		{252366DB-1594-45A0-914B-8A11AEF77746}.Debug|Any CPU.Build.0 = Debug|Any CPU
		{252366DB-1594-45A0-914B-8A11AEF77746}.Release|Any CPU.ActiveCfg = Release|Any CPU
		{252366DB-1594-45A0-914B-8A11AEF77746}.Release|Any CPU.Build.0 = Release|Any CPU
		{3B575932-179A-4E96-805E-541FCD2A5AFF}.Debug|Any CPU.ActiveCfg = Debug|Any CPU
		{3B575932-179A-4E96-805E-541FCD2A5AFF}.Debug|Any CPU.Build.0 = Debug|Any CPU
		{3B575932-179A-4E96-805E-541FCD2A5AFF}.Release|Any CPU.ActiveCfg = Release|Any CPU
		{3B575932-179A-4E96-805E-541FCD2A5AFF}.Release|Any CPU.Build.0 = Release|Any CPU
	EndGlobalSection
	GlobalSection(SolutionProperties) = preSolution
		HideSolutionNode = FALSE
	EndGlobalSection
	GlobalSection(ExtensibilityGlobals) = postSolution
		SolutionGuid = {F7717AE3-04CB-424C-AC16-BA283AE03FF4}
	EndGlobalSection
EndGlobal
